// !$*UTF8*$!
{
	archiveVersion = 1;
	classes = {
	};
	objectVersion = 48;
	objects = {

/* Begin PBXBuildFile section */
		49B48787203907E400EB70D7 /* AppDelegate.swift in Sources */ = {isa = PBXBuildFile; fileRef = 49B48786203907E400EB70D7 /* AppDelegate.swift */; };
		49B48789203907E400EB70D7 /* ViewController.swift in Sources */ = {isa = PBXBuildFile; fileRef = 49B48788203907E400EB70D7 /* ViewController.swift */; };
		49B4878C203907E400EB70D7 /* Main.storyboard in Resources */ = {isa = PBXBuildFile; fileRef = 49B4878A203907E400EB70D7 /* Main.storyboard */; };
		49B4878E203907E400EB70D7 /* Assets.xcassets in Resources */ = {isa = PBXBuildFile; fileRef = 49B4878D203907E400EB70D7 /* Assets.xcassets */; };
		49B48791203907E400EB70D7 /* LaunchScreen.storyboard in Resources */ = {isa = PBXBuildFile; fileRef = 49B4878F203907E400EB70D7 /* LaunchScreen.storyboard */; };
		49B4879C203907E400EB70D7 /* mealtest2Tests.swift in Sources */ = {isa = PBXBuildFile; fileRef = 49B4879B203907E400EB70D7 /* mealtest2Tests.swift */; };
		49B487A7203907E400EB70D7 /* mealtest2UITests.swift in Sources */ = {isa = PBXBuildFile; fileRef = 49B487A6203907E400EB70D7 /* mealtest2UITests.swift */; };
/* End PBXBuildFile section */

/* Begin PBXContainerItemProxy section */
		49B48798203907E400EB70D7 /* PBXContainerItemProxy */ = {
			isa = PBXContainerItemProxy;
			containerPortal = 49B4877B203907E400EB70D7 /* Project object */;
			proxyType = 1;
			remoteGlobalIDString = 49B48782203907E400EB70D7;
			remoteInfo = mealtest2;
		};
		49B487A3203907E400EB70D7 /* PBXContainerItemProxy */ = {
			isa = PBXContainerItemProxy;
			containerPortal = 49B4877B203907E400EB70D7 /* Project object */;
			proxyType = 1;
			remoteGlobalIDString = 49B48782203907E400EB70D7;
			remoteInfo = mealtest2;
		};
/* End PBXContainerItemProxy section */

/* Begin PBXFileReference section */
		49B48783203907E400EB70D7 /* mealtest2.app */ = {isa = PBXFileReference; explicitFileType = wrapper.application; includeInIndex = 0; path = mealtest2.app; sourceTree = BUILT_PRODUCTS_DIR; };
		49B48786203907E400EB70D7 /* AppDelegate.swift */ = {isa = PBXFileReference; lastKnownFileType = sourcecode.swift; path = AppDelegate.swift; sourceTree = "<group>"; };
		49B48788203907E400EB70D7 /* ViewController.swift */ = {isa = PBXFileReference; lastKnownFileType = sourcecode.swift; path = ViewController.swift; sourceTree = "<group>"; };
		49B4878B203907E400EB70D7 /* Base */ = {isa = PBXFileReference; lastKnownFileType = file.storyboard; name = Base; path = Base.lproj/Main.storyboard; sourceTree = "<group>"; };
		49B4878D203907E400EB70D7 /* Assets.xcassets */ = {isa = PBXFileReference; lastKnownFileType = folder.assetcatalog; path = Assets.xcassets; sourceTree = "<group>"; };
		49B48790203907E400EB70D7 /* Base */ = {isa = PBXFileReference; lastKnownFileType = file.storyboard; name = Base; path = Base.lproj/LaunchScreen.storyboard; sourceTree = "<group>"; };
		49B48792203907E400EB70D7 /* Info.plist */ = {isa = PBXFileReference; lastKnownFileType = text.plist.xml; path = Info.plist; sourceTree = "<group>"; };
		49B48797203907E400EB70D7 /* mealtest2Tests.xctest */ = {isa = PBXFileReference; explicitFileType = wrapper.cfbundle; includeInIndex = 0; path = mealtest2Tests.xctest; sourceTree = BUILT_PRODUCTS_DIR; };
		49B4879B203907E400EB70D7 /* mealtest2Tests.swift */ = {isa = PBXFileReference; lastKnownFileType = sourcecode.swift; path = mealtest2Tests.swift; sourceTree = "<group>"; };
		49B4879D203907E400EB70D7 /* Info.plist */ = {isa = PBXFileReference; lastKnownFileType = text.plist.xml; path = Info.plist; sourceTree = "<group>"; };
		49B487A2203907E400EB70D7 /* mealtest2UITests.xctest */ = {isa = PBXFileReference; explicitFileType = wrapper.cfbundle; includeInIndex = 0; path = mealtest2UITests.xctest; sourceTree = BUILT_PRODUCTS_DIR; };
		49B487A6203907E400EB70D7 /* mealtest2UITests.swift */ = {isa = PBXFileReference; lastKnownFileType = sourcecode.swift; path = mealtest2UITests.swift; sourceTree = "<group>"; };
		49B487A8203907E400EB70D7 /* Info.plist */ = {isa = PBXFileReference; lastKnownFileType = text.plist.xml; path = Info.plist; sourceTree = "<group>"; };
/* End PBXFileReference section */

/* Begin PBXFrameworksBuildPhase section */
		49B48780203907E400EB70D7 /* Frameworks */ = {
			isa = PBXFrameworksBuildPhase;
			buildActionMask = 2147483647;
			files = (
			);
			runOnlyForDeploymentPostprocessing = 0;
		};
		49B48794203907E400EB70D7 /* Frameworks */ = {
			isa = PBXFrameworksBuildPhase;
			buildActionMask = 2147483647;
			files = (
			);
			runOnlyForDeploymentPostprocessing = 0;
		};
		49B4879F203907E400EB70D7 /* Frameworks */ = {
			isa = PBXFrameworksBuildPhase;
			buildActionMask = 2147483647;
			files = (
			);
			runOnlyForDeploymentPostprocessing = 0;
		};
/* End PBXFrameworksBuildPhase section */

/* Begin PBXGroup section */
		49B4877A203907E400EB70D7 = {
			isa = PBXGroup;
			children = (
				49B48785203907E400EB70D7 /* mealtest2 */,
				49B4879A203907E400EB70D7 /* mealtest2Tests */,
				49B487A5203907E400EB70D7 /* mealtest2UITests */,
				49B48784203907E400EB70D7 /* Products */,
			);
			sourceTree = "<group>";
		};
		49B48784203907E400EB70D7 /* Products */ = {
			isa = PBXGroup;
			children = (
				49B48783203907E400EB70D7 /* mealtest2.app */,
				49B48797203907E400EB70D7 /* mealtest2Tests.xctest */,
				49B487A2203907E400EB70D7 /* mealtest2UITests.xctest */,
			);
			name = Products;
			sourceTree = "<group>";
		};
		49B48785203907E400EB70D7 /* mealtest2 */ = {
			isa = PBXGroup;
			children = (
				49B48786203907E400EB70D7 /* AppDelegate.swift */,
				49B48788203907E400EB70D7 /* ViewController.swift */,
				49B4878A203907E400EB70D7 /* Main.storyboard */,
				49B4878D203907E400EB70D7 /* Assets.xcassets */,
				49B4878F203907E400EB70D7 /* LaunchScreen.storyboard */,
				49B48792203907E400EB70D7 /* Info.plist */,
			);
			path = mealtest2;
			sourceTree = "<group>";
		};
		49B4879A203907E400EB70D7 /* mealtest2Tests */ = {
			isa = PBXGroup;
			children = (
				49B4879B203907E400EB70D7 /* mealtest2Tests.swift */,
				49B4879D203907E400EB70D7 /* Info.plist */,
			);
			path = mealtest2Tests;
			sourceTree = "<group>";
		};
		49B487A5203907E400EB70D7 /* mealtest2UITests */ = {
			isa = PBXGroup;
			children = (
				49B487A6203907E400EB70D7 /* mealtest2UITests.swift */,
				49B487A8203907E400EB70D7 /* Info.plist */,
			);
			path = mealtest2UITests;
			sourceTree = "<group>";
		};
/* End PBXGroup section */

/* Begin PBXNativeTarget section */
		49B48782203907E400EB70D7 /* mealtest2 */ = {
			isa = PBXNativeTarget;
			buildConfigurationList = 49B487AB203907E400EB70D7 /* Build configuration list for PBXNativeTarget "mealtest2" */;
			buildPhases = (
				49B4877F203907E400EB70D7 /* Sources */,
				49B48780203907E400EB70D7 /* Frameworks */,
				49B48781203907E400EB70D7 /* Resources */,
			);
			buildRules = (
			);
			dependencies = (
			);
			name = mealtest2;
			productName = mealtest2;
			productReference = 49B48783203907E400EB70D7 /* mealtest2.app */;
			productType = "com.apple.product-type.application";
		};
		49B48796203907E400EB70D7 /* mealtest2Tests */ = {
			isa = PBXNativeTarget;
			buildConfigurationList = 49B487AE203907E400EB70D7 /* Build configuration list for PBXNativeTarget "mealtest2Tests" */;
			buildPhases = (
				49B48793203907E400EB70D7 /* Sources */,
				49B48794203907E400EB70D7 /* Frameworks */,
				49B48795203907E400EB70D7 /* Resources */,
			);
			buildRules = (
			);
			dependencies = (
				49B48799203907E400EB70D7 /* PBXTargetDependency */,
			);
			name = mealtest2Tests;
			productName = mealtest2Tests;
			productReference = 49B48797203907E400EB70D7 /* mealtest2Tests.xctest */;
			productType = "com.apple.product-type.bundle.unit-test";
		};
		49B487A1203907E400EB70D7 /* mealtest2UITests */ = {
			isa = PBXNativeTarget;
			buildConfigurationList = 49B487B1203907E400EB70D7 /* Build configuration list for PBXNativeTarget "mealtest2UITests" */;
			buildPhases = (
				49B4879E203907E400EB70D7 /* Sources */,
				49B4879F203907E400EB70D7 /* Frameworks */,
				49B487A0203907E400EB70D7 /* Resources */,
			);
			buildRules = (
			);
			dependencies = (
				49B487A4203907E400EB70D7 /* PBXTargetDependency */,
			);
			name = mealtest2UITests;
			productName = mealtest2UITests;
			productReference = 49B487A2203907E400EB70D7 /* mealtest2UITests.xctest */;
			productType = "com.apple.product-type.bundle.ui-testing";
		};
/* End PBXNativeTarget section */

/* Begin PBXProject section */
		49B4877B203907E400EB70D7 /* Project object */ = {
			isa = PBXProject;
			attributes = {
				LastSwiftUpdateCheck = 0920;
				LastUpgradeCheck = 0920;
				ORGANIZATIONNAME = jc;
				TargetAttributes = {
					49B48782203907E400EB70D7 = {
						CreatedOnToolsVersion = 9.2;
						ProvisioningStyle = Automatic;
					};
					49B48796203907E400EB70D7 = {
						CreatedOnToolsVersion = 9.2;
						ProvisioningStyle = Automatic;
						TestTargetID = 49B48782203907E400EB70D7;
					};
					49B487A1203907E400EB70D7 = {
						CreatedOnToolsVersion = 9.2;
						ProvisioningStyle = Automatic;
						TestTargetID = 49B48782203907E400EB70D7;
					};
				};
			};
			buildConfigurationList = 49B4877E203907E400EB70D7 /* Build configuration list for PBXProject "mealtest2" */;
			compatibilityVersion = "Xcode 8.0";
			developmentRegion = en;
			hasScannedForEncodings = 0;
			knownRegions = (
				en,
				Base,
			);
			mainGroup = 49B4877A203907E400EB70D7;
			productRefGroup = 49B48784203907E400EB70D7 /* Products */;
			projectDirPath = "";
			projectRoot = "";
			targets = (
				49B48782203907E400EB70D7 /* mealtest2 */,
				49B48796203907E400EB70D7 /* mealtest2Tests */,
				49B487A1203907E400EB70D7 /* mealtest2UITests */,
			);
		};
/* End PBXProject section */

/* Begin PBXResourcesBuildPhase section */
		49B48781203907E400EB70D7 /* Resources */ = {
			isa = PBXResourcesBuildPhase;
			buildActionMask = 2147483647;
			files = (
				49B48791203907E400EB70D7 /* LaunchScreen.storyboard in Resources */,
				49B4878E203907E400EB70D7 /* Assets.xcassets in Resources */,
				49B4878C203907E400EB70D7 /* Main.storyboard in Resources */,
			);
			runOnlyForDeploymentPostprocessing = 0;
		};
		49B48795203907E400EB70D7 /* Resources */ = {
			isa = PBXResourcesBuildPhase;
			buildActionMask = 2147483647;
			files = (
			);
			runOnlyForDeploymentPostprocessing = 0;
		};
		49B487A0203907E400EB70D7 /* Resources */ = {
			isa = PBXResourcesBuildPhase;
			buildActionMask = 2147483647;
			files = (
			);
			runOnlyForDeploymentPostprocessing = 0;
		};
/* End PBXResourcesBuildPhase section */

/* Begin PBXSourcesBuildPhase section */
		49B4877F203907E400EB70D7 /* Sources */ = {
			isa = PBXSourcesBuildPhase;
			buildActionMask = 2147483647;
			files = (
				49B48789203907E400EB70D7 /* ViewController.swift in Sources */,
				49B48787203907E400EB70D7 /* AppDelegate.swift in Sources */,
			);
			runOnlyForDeploymentPostprocessing = 0;
		};
		49B48793203907E400EB70D7 /* Sources */ = {
			isa = PBXSourcesBuildPhase;
			buildActionMask = 2147483647;
			files = (
				49B4879C203907E400EB70D7 /* mealtest2Tests.swift in Sources */,
			);
			runOnlyForDeploymentPostprocessing = 0;
		};
		49B4879E203907E400EB70D7 /* Sources */ = {
			isa = PBXSourcesBuildPhase;
			buildActionMask = 2147483647;
			files = (
				49B487A7203907E400EB70D7 /* mealtest2UITests.swift in Sources */,
			);
			runOnlyForDeploymentPostprocessing = 0;
		};
/* End PBXSourcesBuildPhase section */

/* Begin PBXTargetDependency section */
		49B48799203907E400EB70D7 /* PBXTargetDependency */ = {
			isa = PBXTargetDependency;
			target = 49B48782203907E400EB70D7 /* mealtest2 */;
			targetProxy = 49B48798203907E400EB70D7 /* PBXContainerItemProxy */;
		};
		49B487A4203907E400EB70D7 /* PBXTargetDependency */ = {
			isa = PBXTargetDependency;
			target = 49B48782203907E400EB70D7 /* mealtest2 */;
			targetProxy = 49B487A3203907E400EB70D7 /* PBXContainerItemProxy */;
		};
/* End PBXTargetDependency section */

/* Begin PBXVariantGroup section */
		49B4878A203907E400EB70D7 /* Main.storyboard */ = {
			isa = PBXVariantGroup;
			children = (
				49B4878B203907E400EB70D7 /* Base */,
			);
			name = Main.storyboard;
			sourceTree = "<group>";
		};
		49B4878F203907E400EB70D7 /* LaunchScreen.storyboard */ = {
			isa = PBXVariantGroup;
			children = (
				49B48790203907E400EB70D7 /* Base */,
			);
			name = LaunchScreen.storyboard;
			sourceTree = "<group>";
		};
/* End PBXVariantGroup section */

/* Begin XCBuildConfiguration section */
		49B487A9203907E400EB70D7 /* Debug */ = {
			isa = XCBuildConfiguration;
			buildSettings = {
				ALWAYS_SEARCH_USER_PATHS = NO;
				CLANG_ANALYZER_NONNULL = YES;
				CLANG_ANALYZER_NUMBER_OBJECT_CONVERSION = YES_AGGRESSIVE;
				CLANG_CXX_LANGUAGE_STANDARD = "gnu++14";
				CLANG_CXX_LIBRARY = "libc++";
				CLANG_ENABLE_MODULES = YES;
				CLANG_ENABLE_OBJC_ARC = YES;
				CLANG_WARN_BLOCK_CAPTURE_AUTORELEASING = YES;
				CLANG_WARN_BOOL_CONVERSION = YES;
				CLANG_WARN_COMMA = YES;
				CLANG_WARN_CONSTANT_CONVERSION = YES;
				CLANG_WARN_DIRECT_OBJC_ISA_USAGE = YES_ERROR;
				CLANG_WARN_DOCUMENTATION_COMMENTS = YES;
				CLANG_WARN_EMPTY_BODY = YES;
				CLANG_WARN_ENUM_CONVERSION = YES;
				CLANG_WARN_INFINITE_RECURSION = YES;
				CLANG_WARN_INT_CONVERSION = YES;
				CLANG_WARN_NON_LITERAL_NULL_CONVERSION = YES;
				CLANG_WARN_OBJC_LITERAL_CONVERSION = YES;
				CLANG_WARN_OBJC_ROOT_CLASS = YES_ERROR;
				CLANG_WARN_RANGE_LOOP_ANALYSIS = YES;
				CLANG_WARN_STRICT_PROTOTYPES = YES;
				CLANG_WARN_SUSPICIOUS_MOVE = YES;
				CLANG_WARN_UNGUARDED_AVAILABILITY = YES_AGGRESSIVE;
				CLANG_WARN_UNREACHABLE_CODE = YES;
				CLANG_WARN__DUPLICATE_METHOD_MATCH = YES;
				CODE_SIGN_IDENTITY = "iPhone Developer";
				COPY_PHASE_STRIP = NO;
				DEBUG_INFORMATION_FORMAT = dwarf;
				ENABLE_STRICT_OBJC_MSGSEND = YES;
				ENABLE_TESTABILITY = YES;
				GCC_C_LANGUAGE_STANDARD = gnu11;
				GCC_DYNAMIC_NO_PIC = NO;
				GCC_NO_COMMON_BLOCKS = YES;
				GCC_OPTIMIZATION_LEVEL = 0;
				GCC_PREPROCESSOR_DEFINITIONS = (
					"DEBUG=1",
					"$(inherited)",
				);
				GCC_WARN_64_TO_32_BIT_CONVERSION = YES;
				GCC_WARN_ABOUT_RETURN_TYPE = YES_ERROR;
				GCC_WARN_UNDECLARED_SELECTOR = YES;
				GCC_WARN_UNINITIALIZED_AUTOS = YES_AGGRESSIVE;
				GCC_WARN_UNUSED_FUNCTION = YES;
				GCC_WARN_UNUSED_VARIABLE = YES;
				IPHONEOS_DEPLOYMENT_TARGET = 11.2;
				MTL_ENABLE_DEBUG_INFO = YES;
				ONLY_ACTIVE_ARCH = YES;
				SDKROOT = iphoneos;
				SWIFT_ACTIVE_COMPILATION_CONDITIONS = DEBUG;
				SWIFT_OPTIMIZATION_LEVEL = "-Onone";
			};
			name = Debug;
		};
		49B487AA203907E400EB70D7 /* Release */ = {
			isa = XCBuildConfiguration;
			buildSettings = {
				ALWAYS_SEARCH_USER_PATHS = NO;
				CLANG_ANALYZER_NONNULL = YES;
				CLANG_ANALYZER_NUMBER_OBJECT_CONVERSION = YES_AGGRESSIVE;
				CLANG_CXX_LANGUAGE_STANDARD = "gnu++14";
				CLANG_CXX_LIBRARY = "libc++";
				CLANG_ENABLE_MODULES = YES;
				CLANG_ENABLE_OBJC_ARC = YES;
				CLANG_WARN_BLOCK_CAPTURE_AUTORELEASING = YES;
				CLANG_WARN_BOOL_CONVERSION = YES;
				CLANG_WARN_COMMA = YES;
				CLANG_WARN_CONSTANT_CONVERSION = YES;
				CLANG_WARN_DIRECT_OBJC_ISA_USAGE = YES_ERROR;
				CLANG_WARN_DOCUMENTATION_COMMENTS = YES;
				CLANG_WARN_EMPTY_BODY = YES;
				CLANG_WARN_ENUM_CONVERSION = YES;
				CLANG_WARN_INFINITE_RECURSION = YES;
				CLANG_WARN_INT_CONVERSION = YES;
				CLANG_WARN_NON_LITERAL_NULL_CONVERSION = YES;
				CLANG_WARN_OBJC_LITERAL_CONVERSION = YES;
				CLANG_WARN_OBJC_ROOT_CLASS = YES_ERROR;
				CLANG_WARN_RANGE_LOOP_ANALYSIS = YES;
				CLANG_WARN_STRICT_PROTOTYPES = YES;
				CLANG_WARN_SUSPICIOUS_MOVE = YES;
				CLANG_WARN_UNGUARDED_AVAILABILITY = YES_AGGRESSIVE;
				CLANG_WARN_UNREACHABLE_CODE = YES;
				CLANG_WARN__DUPLICATE_METHOD_MATCH = YES;
				CODE_SIGN_IDENTITY = "iPhone Developer";
				COPY_PHASE_STRIP = NO;
				DEBUG_INFORMATION_FORMAT = "dwarf-with-dsym";
				ENABLE_NS_ASSERTIONS = NO;
				ENABLE_STRICT_OBJC_MSGSEND = YES;
				GCC_C_LANGUAGE_STANDARD = gnu11;
				GCC_NO_COMMON_BLOCKS = YES;
				GCC_WARN_64_TO_32_BIT_CONVERSION = YES;
				GCC_WARN_ABOUT_RETURN_TYPE = YES_ERROR;
				GCC_WARN_UNDECLARED_SELECTOR = YES;
				GCC_WARN_UNINITIALIZED_AUTOS = YES_AGGRESSIVE;
				GCC_WARN_UNUSED_FUNCTION = YES;
				GCC_WARN_UNUSED_VARIABLE = YES;
				IPHONEOS_DEPLOYMENT_TARGET = 11.2;
				MTL_ENABLE_DEBUG_INFO = NO;
				SDKROOT = iphoneos;
				SWIFT_OPTIMIZATION_LEVEL = "-Owholemodule";
				VALIDATE_PRODUCT = YES;
			};
			name = Release;
		};
		49B487AC203907E400EB70D7 /* Debug */ = {
			isa = XCBuildConfiguration;
			buildSettings = {
				ASSETCATALOG_COMPILER_APPICON_NAME = AppIcon;
				CODE_SIGN_STYLE = Automatic;
				INFOPLIST_FILE = mealtest2/Info.plist;
				LD_RUNPATH_SEARCH_PATHS = "$(inherited) @executable_path/Frameworks";
				PRODUCT_BUNDLE_IDENTIFIER = com.example.mealtest2;
				PRODUCT_NAME = "$(TARGET_NAME)";
				SWIFT_VERSION = 4.0;
				TARGETED_DEVICE_FAMILY = "1,2";
			};
			name = Debug;
		};
		49B487AD203907E400EB70D7 /* Release */ = {
			isa = XCBuildConfiguration;
			buildSettings = {
				ASSETCATALOG_COMPILER_APPICON_NAME = AppIcon;
				CODE_SIGN_STYLE = Automatic;
				INFOPLIST_FILE = mealtest2/Info.plist;
				LD_RUNPATH_SEARCH_PATHS = "$(inherited) @executable_path/Frameworks";
				PRODUCT_BUNDLE_IDENTIFIER = com.example.mealtest2;
				PRODUCT_NAME = "$(TARGET_NAME)";
				SWIFT_VERSION = 4.0;
				TARGETED_DEVICE_FAMILY = "1,2";
			};
			name = Release;
		};
		49B487AF203907E400EB70D7 /* Debug */ = {
			isa = XCBuildConfiguration;
			buildSettings = {
				ALWAYS_EMBED_SWIFT_STANDARD_LIBRARIES = YES;
				BUNDLE_LOADER = "$(TEST_HOST)";
				CODE_SIGN_STYLE = Automatic;
				INFOPLIST_FILE = mealtest2Tests/Info.plist;
				LD_RUNPATH_SEARCH_PATHS = "$(inherited) @executable_path/Frameworks @loader_path/Frameworks";
				PRODUCT_BUNDLE_IDENTIFIER = com.example.mealtest2Tests;
				PRODUCT_NAME = "$(TARGET_NAME)";
				SWIFT_VERSION = 4.0;
				TARGETED_DEVICE_FAMILY = "1,2";
				TEST_HOST = "$(BUILT_PRODUCTS_DIR)/mealtest2.app/mealtest2";
			};
			name = Debug;
		};
		49B487B0203907E400EB70D7 /* Release */ = {
			isa = XCBuildConfiguration;
			buildSettings = {
				ALWAYS_EMBED_SWIFT_STANDARD_LIBRARIES = YES;
				BUNDLE_LOADER = "$(TEST_HOST)";
				CODE_SIGN_STYLE = Automatic;
				INFOPLIST_FILE = mealtest2Tests/Info.plist;
				LD_RUNPATH_SEARCH_PATHS = "$(inherited) @executable_path/Frameworks @loader_path/Frameworks";
				PRODUCT_BUNDLE_IDENTIFIER = com.example.mealtest2Tests;
				PRODUCT_NAME = "$(TARGET_NAME)";
				SWIFT_VERSION = 4.0;
				TARGETED_DEVICE_FAMILY = "1,2";
				TEST_HOST = "$(BUILT_PRODUCTS_DIR)/mealtest2.app/mealtest2";
			};
			name = Release;
		};
		49B487B2203907E400EB70D7 /* Debug */ = {
			isa = XCBuildConfiguration;
			buildSettings = {
				ALWAYS_EMBED_SWIFT_STANDARD_LIBRARIES = YES;
				CODE_SIGN_STYLE = Automatic;
				INFOPLIST_FILE = mealtest2UITests/Info.plist;
				LD_RUNPATH_SEARCH_PATHS = "$(inherited) @executable_path/Frameworks @loader_path/Frameworks";
				PRODUCT_BUNDLE_IDENTIFIER = com.example.mealtest2UITests;
				PRODUCT_NAME = "$(TARGET_NAME)";
				SWIFT_VERSION = 4.0;
				TARGETED_DEVICE_FAMILY = "1,2";
				TEST_TARGET_NAME = mealtest2;
			};
			name = Debug;
		};
		49B487B3203907E400EB70D7 /* Release */ = {
			isa = XCBuildConfiguration;
			buildSettings = {
				ALWAYS_EMBED_SWIFT_STANDARD_LIBRARIES = YES;
				CODE_SIGN_STYLE = Automatic;
				INFOPLIST_FILE = mealtest2UITests/Info.plist;
				LD_RUNPATH_SEARCH_PATHS = "$(inherited) @executable_path/Frameworks @loader_path/Frameworks";
				PRODUCT_BUNDLE_IDENTIFIER = com.example.mealtest2UITests;
				PRODUCT_NAME = "$(TARGET_NAME)";
				SWIFT_VERSION = 4.0;
				TARGETED_DEVICE_FAMILY = "1,2";
				TEST_TARGET_NAME = mealtest2;
			};
			name = Release;
		};
/* End XCBuildConfiguration section */

/* Begin XCConfigurationList section */
		49B4877E203907E400EB70D7 /* Build configuration list for PBXProject "mealtest2" */ = {
			isa = XCConfigurationList;
			buildConfigurations = (
				49B487A9203907E400EB70D7 /* Debug */,
				49B487AA203907E400EB70D7 /* Release */,
			);
			defaultConfigurationIsVisible = 0;
			defaultConfigurationName = Release;
		};
		49B487AB203907E400EB70D7 /* Build configuration list for PBXNativeTarget "mealtest2" */ = {
			isa = XCConfigurationList;
			buildConfigurations = (
				49B487AC203907E400EB70D7 /* Debug */,
				49B487AD203907E400EB70D7 /* Release */,
			);
			defaultConfigurationIsVisible = 0;
			defaultConfigurationName = Release;
		};
		49B487AE203907E400EB70D7 /* Build configuration list for PBXNativeTarget "mealtest2Tests" */ = {
			isa = XCConfigurationList;
			buildConfigurations = (
				49B487AF203907E400EB70D7 /* Debug */,
				49B487B0203907E400EB70D7 /* Release */,
			);
			defaultConfigurationIsVisible = 0;
			defaultConfigurationName = Release;
		};
		49B487B1203907E400EB70D7 /* Build configuration list for PBXNativeTarget "mealtest2UITests" */ = {
			isa = XCConfigurationList;
			buildConfigurations = (
				49B487B2203907E400EB70D7 /* Debug */,
				49B487B3203907E400EB70D7 /* Release */,
			);
			defaultConfigurationIsVisible = 0;
			defaultConfigurationName = Release;
		};
/* End XCConfigurationList section */
	};
	rootObject = 49B4877B203907E400EB70D7 /* Project object */;
}
